
Microsoft Visual Studio Solution File, Format Version 12.00
# Visual Studio 15
VisualStudioVersion = 15.0.27703.2026
MinimumVisualStudioVersion = 10.0.40219.1
Project("{FAE04EC0-301F-11D3-BF4B-00C04F79EFBC}") = "MovementController 1.0", "MovementController 1.0\MovementController 1.0.csproj", "{F6A1B768-3289-4817-BEA8-0E103CE678E4}"
EndProject
Project("{9A19103F-16F7-4668-BE54-9A1E7A4F7556}") = "AASharp", "AASharp\AASharp.csproj", "{DCA29AAE-BF2A-420D-9E11-710D9178978E}"
EndProject
Project("{9A19103F-16F7-4668-BE54-9A1E7A4F7556}") = "AASharpExamples", "AASharpExamples\AASharpExamples.csproj", "{FDE1CCD0-E59E-407F-9DE3-574151820AD0}"
EndProject
Project("{9A19103F-16F7-4668-BE54-9A1E7A4F7556}") = "AASharp.Tests", "AASharp.Tests\AASharp.Tests.csproj", "{F0E6AE66-C1E0-4FA2-BAC8-CCB13856C958}"
EndProject
Project("{2150E333-8FDC-42A3-9474-1A3956D46DE8}") = "AASharp (Ref. Only)", "AASharp (Ref. Only)", "{3728FBB0-92A3-48DE-8921-0F584062263A}"
EndProject
Global
	GlobalSection(SolutionConfigurationPlatforms) = preSolution
		Debug|Any CPU = Debug|Any CPU
		Debug|x86 = Debug|x86
		Release|Any CPU = Release|Any CPU
		Release|x86 = Release|x86
	EndGlobalSection
	GlobalSection(ProjectConfigurationPlatforms) = postSolution
		{F6A1B768-3289-4817-BEA8-0E103CE678E4}.Debug|Any CPU.ActiveCfg = Debug|Any CPU
		{F6A1B768-3289-4817-BEA8-0E103CE678E4}.Debug|Any CPU.Build.0 = Debug|Any CPU
		{F6A1B768-3289-4817-BEA8-0E103CE678E4}.Debug|x86.ActiveCfg = Debug|Any CPU
		{F6A1B768-3289-4817-BEA8-0E103CE678E4}.Debug|x86.Build.0 = Debug|Any CPU
		{F6A1B768-3289-4817-BEA8-0E103CE678E4}.Release|Any CPU.ActiveCfg = Release|Any CPU
		{F6A1B768-3289-4817-BEA8-0E103CE678E4}.Release|Any CPU.Build.0 = Release|Any CPU
		{F6A1B768-3289-4817-BEA8-0E103CE678E4}.Release|x86.ActiveCfg = Release|Any CPU
		{F6A1B768-3289-4817-BEA8-0E103CE678E4}.Release|x86.Build.0 = Release|Any CPU
		{DCA29AAE-BF2A-420D-9E11-710D9178978E}.Debug|Any CPU.ActiveCfg = Debug|Any CPU
		{DCA29AAE-BF2A-420D-9E11-710D9178978E}.Debug|Any CPU.Build.0 = Debug|Any CPU
		{DCA29AAE-BF2A-420D-9E11-710D9178978E}.Debug|x86.ActiveCfg = Debug|Any CPU
		{DCA29AAE-BF2A-420D-9E11-710D9178978E}.Debug|x86.Build.0 = Debug|Any CPU
		{DCA29AAE-BF2A-420D-9E11-710D9178978E}.Release|Any CPU.ActiveCfg = Release|Any CPU
		{DCA29AAE-BF2A-420D-9E11-710D9178978E}.Release|Any CPU.Build.0 = Release|Any CPU
		{DCA29AAE-BF2A-420D-9E11-710D9178978E}.Release|x86.ActiveCfg = Release|Any CPU
		{DCA29AAE-BF2A-420D-9E11-710D9178978E}.Release|x86.Build.0 = Release|Any CPU
		{FDE1CCD0-E59E-407F-9DE3-574151820AD0}.Debug|Any CPU.ActiveCfg = Debug|Any CPU
		{FDE1CCD0-E59E-407F-9DE3-574151820AD0}.Debug|Any CPU.Build.0 = Debug|Any CPU
		{FDE1CCD0-E59E-407F-9DE3-574151820AD0}.Debug|x86.ActiveCfg = Debug|Any CPU
		{FDE1CCD0-E59E-407F-9DE3-574151820AD0}.Debug|x86.Build.0 = Debug|Any CPU
		{FDE1CCD0-E59E-407F-9DE3-574151820AD0}.Release|Any CPU.ActiveCfg = Release|Any CPU
		{FDE1CCD0-E59E-407F-9DE3-574151820AD0}.Release|Any CPU.Build.0 = Release|Any CPU
		{FDE1CCD0-E59E-407F-9DE3-574151820AD0}.Release|x86.ActiveCfg = Release|Any CPU
		{FDE1CCD0-E59E-407F-9DE3-574151820AD0}.Release|x86.Build.0 = Release|Any CPU
		{F0E6AE66-C1E0-4FA2-BAC8-CCB13856C958}.Debug|Any CPU.ActiveCfg = Debug|Any CPU
		{F0E6AE66-C1E0-4FA2-BAC8-CCB13856C958}.Debug|Any CPU.Build.0 = Debug|Any CPU
		{F0E6AE66-C1E0-4FA2-BAC8-CCB13856C958}.Debug|x86.ActiveCfg = Debug|x86
		{F0E6AE66-C1E0-4FA2-BAC8-CCB13856C958}.Debug|x86.Build.0 = Debug|x86
		{F0E6AE66-C1E0-4FA2-BAC8-CCB13856C958}.Release|Any CPU.ActiveCfg = Release|Any CPU
		{F0E6AE66-C1E0-4FA2-BAC8-CCB13856C958}.Release|Any CPU.Build.0 = Release|Any CPU
		{F0E6AE66-C1E0-4FA2-BAC8-CCB13856C958}.Release|x86.ActiveCfg = Release|x86
		{F0E6AE66-C1E0-4FA2-BAC8-CCB13856C958}.Release|x86.Build.0 = Release|x86
	EndGlobalSection
	GlobalSection(SolutionProperties) = preSolution
		HideSolutionNode = FALSE
	EndGlobalSection
	GlobalSection(NestedProjects) = preSolution
		{DCA29AAE-BF2A-420D-9E11-710D9178978E} = {3728FBB0-92A3-48DE-8921-0F584062263A}
		{FDE1CCD0-E59E-407F-9DE3-574151820AD0} = {3728FBB0-92A3-48DE-8921-0F584062263A}
		{F0E6AE66-C1E0-4FA2-BAC8-CCB13856C958} = {3728FBB0-92A3-48DE-8921-0F584062263A}
	EndGlobalSection
	GlobalSection(ExtensibilityGlobals) = postSolution
		SolutionGuid = {A403A1EC-73CE-4EC2-B3BA-BF1BF1E81D9D}
	EndGlobalSection
EndGlobal
